
Microsoft Visual Studio Solution File, Format Version 12.00
# Visual Studio Version 17
VisualStudioVersion = 17.0.32112.339
MinimumVisualStudioVersion = 10.0.40219.1
Project("{FAE04EC0-301F-11D3-BF4B-00C04F79EFBC}") = "Notenverwaltung", "Notenverwaltung\Notenverwaltung.csproj", "{D12B19B1-EDF1-4D60-BF36-D55615B9DFD1}"
EndProject
Global
	GlobalSection(SolutionConfigurationPlatforms) = preSolution
		Debug|Any CPU = Debug|Any CPU
		Release|Any CPU = Release|Any CPU
	EndGlobalSection
	GlobalSection(ProjectConfigurationPlatforms) = postSolution
		{D12B19B1-EDF1-4D60-BF36-D55615B9DFD1}.Debug|Any CPU.ActiveCfg = Debug|Any CPU
		{D12B19B1-EDF1-4D60-BF36-D55615B9DFD1}.Debug|Any CPU.Build.0 = Debug|Any CPU
		{D12B19B1-EDF1-4D60-BF36-D55615B9DFD1}.Release|Any CPU.ActiveCfg = Release|Any CPU
		{D12B19B1-EDF1-4D60-BF36-D55615B9DFD1}.Release|Any CPU.Build.0 = Release|Any CPU
	EndGlobalSection
	GlobalSection(SolutionProperties) = preSolution
		HideSolutionNode = FALSE
	EndGlobalSection
	GlobalSection(ExtensibilityGlobals) = postSolution
		SolutionGuid = {BFB05BD3-7535-4D91-8414-0481F1FACCD3}
	EndGlobalSection
EndGlobal
